{
  "name": "R2music",
  "lockfileVersion": 2,
  "requires": true,
  "packages": {
    "": {
      "dependencies": {
        "fastclick": "^1.0.6"
      }
    },
    "node_modules/fastclick": {
      "version": "1.0.6",
      "resolved": "https://registry.npm.taobao.org/fastclick/download/fastclick-1.0.6.tgz",
      "integrity": "sha1-FhYlsnsaWAZAWTa9qaLBkm0Gvmo="
    }
  },
  "dependencies": {
    "fastclick": {
      "version": "1.0.6",
      "resolved": "https://registry.npm.taobao.org/fastclick/download/fastclick-1.0.6.tgz",
      "integrity": "sha1-FhYlsnsaWAZAWTa9qaLBkm0Gvmo="
    }
  }
}
